
Microsoft Visual Studio Solution File, Format Version 12.00
# Visual Studio Version 16
VisualStudioVersion = 16.0.31829.152
MinimumVisualStudioVersion = 10.0.40219.1
Project("{FAE04EC0-301F-11D3-BF4B-00C04F79EFBC}") = "ChatApp.API", "ChatApp.API\ChatApp.API.csproj", "{6AD8CB5D-75DC-4E08-9158-209A4651C06B}"
EndProject
Global
	GlobalSection(SolutionConfigurationPlatforms) = preSolution
		Debug|Any CPU = Debug|Any CPU
		Release|Any CPU = Release|Any CPU
	EndGlobalSection
	GlobalSection(ProjectConfigurationPlatforms) = postSolution
		{6AD8CB5D-75DC-4E08-9158-209A4651C06B}.Debug|Any CPU.ActiveCfg = Debug|Any CPU
		{6AD8CB5D-75DC-4E08-9158-209A4651C06B}.Debug|Any CPU.Build.0 = Debug|Any CPU
		{6AD8CB5D-75DC-4E08-9158-209A4651C06B}.Release|Any CPU.ActiveCfg = Release|Any CPU
		{6AD8CB5D-75DC-4E08-9158-209A4651C06B}.Release|Any CPU.Build.0 = Release|Any CPU
	EndGlobalSection
	GlobalSection(SolutionProperties) = preSolution
		HideSolutionNode = FALSE
	EndGlobalSection
	GlobalSection(ExtensibilityGlobals) = postSolution
		SolutionGuid = {68BC7BFA-3199-444E-B151-7A1DE7447C35}
	EndGlobalSection
EndGlobal
